
Microsoft Visual Studio Solution File, Format Version 12.00
# Visual Studio 15
VisualStudioVersion = 15.0.26430.12
MinimumVisualStudioVersion = 10.0.40219.1
Project("{D954291E-2A0B-460D-934E-DC6B0785DB48}") = "AMAHandson", "AMAHandson\AMAHandson\AMAHandson.shproj", "{8BAA81C0-84E4-49AA-B106-950223F6A377}"
EndProject
Project("{FAE04EC0-301F-11D3-BF4B-00C04F79EFBC}") = "AMAHandson.Android", "AMAHandson\AMAHandson.Android\AMAHandson.Android.csproj", "{09A06A45-A484-4561-9767-180D4A88108C}"
EndProject
Project("{FAE04EC0-301F-11D3-BF4B-00C04F79EFBC}") = "AMAHandson.iOS", "AMAHandson\AMAHandson.iOS\AMAHandson.iOS.csproj", "{EB5F2FE1-A8D1-45E6-874C-DBEBAAD7C4A3}"
EndProject
Project("{FAE04EC0-301F-11D3-BF4B-00C04F79EFBC}") = "AMAHandson.UWP", "AMAHandson\AMAHandson.UWP\AMAHandson.UWP.csproj", "{22215A9D-F99D-4E8F-BE21-7FC52544D3E2}"
EndProject
Global
	GlobalSection(SharedMSBuildProjectFiles) = preSolution
		AMAHandson\AMAHandson\AMAHandson.projitems*{09a06a45-a484-4561-9767-180d4a88108c}*SharedItemsImports = 4
		AMAHandson\AMAHandson\AMAHandson.projitems*{22215a9d-f99d-4e8f-be21-7fc52544d3e2}*SharedItemsImports = 4
		AMAHandson\AMAHandson\AMAHandson.projitems*{8baa81c0-84e4-49aa-b106-950223f6a377}*SharedItemsImports = 13
		AMAHandson\AMAHandson\AMAHandson.projitems*{eb5f2fe1-a8d1-45e6-874c-dbebaad7c4a3}*SharedItemsImports = 4
	EndGlobalSection
	GlobalSection(SolutionConfigurationPlatforms) = preSolution
		Ad-Hoc|Any CPU = Ad-Hoc|Any CPU
		Ad-Hoc|ARM = Ad-Hoc|ARM
		Ad-Hoc|iPhone = Ad-Hoc|iPhone
		Ad-Hoc|iPhoneSimulator = Ad-Hoc|iPhoneSimulator
		Ad-Hoc|x64 = Ad-Hoc|x64
		Ad-Hoc|x86 = Ad-Hoc|x86
		AppStore|Any CPU = AppStore|Any CPU
		AppStore|ARM = AppStore|ARM
		AppStore|iPhone = AppStore|iPhone
		AppStore|iPhoneSimulator = AppStore|iPhoneSimulator
		AppStore|x64 = AppStore|x64
		AppStore|x86 = AppStore|x86
		Debug|Any CPU = Debug|Any CPU
		Debug|ARM = Debug|ARM
		Debug|iPhone = Debug|iPhone
		Debug|iPhoneSimulator = Debug|iPhoneSimulator
		Debug|x64 = Debug|x64
		Debug|x86 = Debug|x86
		Release|Any CPU = Release|Any CPU
		Release|ARM = Release|ARM
		Release|iPhone = Release|iPhone
		Release|iPhoneSimulator = Release|iPhoneSimulator
		Release|x64 = Release|x64
		Release|x86 = Release|x86
	EndGlobalSection
	GlobalSection(ProjectConfigurationPlatforms) = postSolution
		{09A06A45-A484-4561-9767-180D4A88108C}.Ad-Hoc|Any CPU.ActiveCfg = Release|Any CPU
		{09A06A45-A484-4561-9767-180D4A88108C}.Ad-Hoc|Any CPU.Build.0 = Release|Any CPU
		{09A06A45-A484-4561-9767-180D4A88108C}.Ad-Hoc|Any CPU.Deploy.0 = Release|Any CPU
		{09A06A45-A484-4561-9767-180D4A88108C}.Ad-Hoc|ARM.ActiveCfg = Release|Any CPU
		{09A06A45-A484-4561-9767-180D4A88108C}.Ad-Hoc|ARM.Build.0 = Release|Any CPU
		{09A06A45-A484-4561-9767-180D4A88108C}.Ad-Hoc|ARM.Deploy.0 = Release|Any CPU
		{09A06A45-A484-4561-9767-180D4A88108C}.Ad-Hoc|iPhone.ActiveCfg = Release|Any CPU
		{09A06A45-A484-4561-9767-180D4A88108C}.Ad-Hoc|iPhone.Build.0 = Release|Any CPU
		{09A06A45-A484-4561-9767-180D4A88108C}.Ad-Hoc|iPhone.Deploy.0 = Release|Any CPU
		{09A06A45-A484-4561-9767-180D4A88108C}.Ad-Hoc|iPhoneSimulator.ActiveCfg = Release|Any CPU
		{09A06A45-A484-4561-9767-180D4A88108C}.Ad-Hoc|iPhoneSimulator.Build.0 = Release|Any CPU
		{09A06A45-A484-4561-9767-180D4A88108C}.Ad-Hoc|iPhoneSimulator.Deploy.0 = Release|Any CPU
		{09A06A45-A484-4561-9767-180D4A88108C}.Ad-Hoc|x64.ActiveCfg = Release|Any CPU
		{09A06A45-A484-4561-9767-180D4A88108C}.Ad-Hoc|x64.Build.0 = Release|Any CPU
		{09A06A45-A484-4561-9767-180D4A88108C}.Ad-Hoc|x64.Deploy.0 = Release|Any CPU
		{09A06A45-A484-4561-9767-180D4A88108C}.Ad-Hoc|x86.ActiveCfg = Release|Any CPU
		{09A06A45-A484-4561-9767-180D4A88108C}.Ad-Hoc|x86.Build.0 = Release|Any CPU
		{09A06A45-A484-4561-9767-180D4A88108C}.Ad-Hoc|x86.Deploy.0 = Release|Any CPU
		{09A06A45-A484-4561-9767-180D4A88108C}.AppStore|Any CPU.ActiveCfg = Release|Any CPU
		{09A06A45-A484-4561-9767-180D4A88108C}.AppStore|Any CPU.Build.0 = Release|Any CPU
		{09A06A45-A484-4561-9767-180D4A88108C}.AppStore|Any CPU.Deploy.0 = Release|Any CPU
		{09A06A45-A484-4561-9767-180D4A88108C}.AppStore|ARM.ActiveCfg = Release|Any CPU
		{09A06A45-A484-4561-9767-180D4A88108C}.AppStore|ARM.Build.0 = Release|Any CPU
		{09A06A45-A484-4561-9767-180D4A88108C}.AppStore|ARM.Deploy.0 = Release|Any CPU
		{09A06A45-A484-4561-9767-180D4A88108C}.AppStore|iPhone.ActiveCfg = Release|Any CPU
		{09A06A45-A484-4561-9767-180D4A88108C}.AppStore|iPhone.Build.0 = Release|Any CPU
		{09A06A45-A484-4561-9767-180D4A88108C}.AppStore|iPhone.Deploy.0 = Release|Any CPU
		{09A06A45-A484-4561-9767-180D4A88108C}.AppStore|iPhoneSimulator.ActiveCfg = Release|Any CPU
		{09A06A45-A484-4561-9767-180D4A88108C}.AppStore|iPhoneSimulator.Build.0 = Release|Any CPU
		{09A06A45-A484-4561-9767-180D4A88108C}.AppStore|iPhoneSimulator.Deploy.0 = Release|Any CPU
		{09A06A45-A484-4561-9767-180D4A88108C}.AppStore|x64.ActiveCfg = Release|Any CPU
		{09A06A45-A484-4561-9767-180D4A88108C}.AppStore|x64.Build.0 = Release|Any CPU
		{09A06A45-A484-4561-9767-180D4A88108C}.AppStore|x64.Deploy.0 = Release|Any CPU
		{09A06A45-A484-4561-9767-180D4A88108C}.AppStore|x86.ActiveCfg = Release|Any CPU
		{09A06A45-A484-4561-9767-180D4A88108C}.AppStore|x86.Build.0 = Release|Any CPU
		{09A06A45-A484-4561-9767-180D4A88108C}.AppStore|x86.Deploy.0 = Release|Any CPU
		{09A06A45-A484-4561-9767-180D4A88108C}.Debug|Any CPU.ActiveCfg = Debug|Any CPU
		{09A06A45-A484-4561-9767-180D4A88108C}.Debug|Any CPU.Build.0 = Debug|Any CPU
		{09A06A45-A484-4561-9767-180D4A88108C}.Debug|Any CPU.Deploy.0 = Debug|Any CPU
		{09A06A45-A484-4561-9767-180D4A88108C}.Debug|ARM.ActiveCfg = Debug|Any CPU
		{09A06A45-A484-4561-9767-180D4A88108C}.Debug|ARM.Build.0 = Debug|Any CPU
		{09A06A45-A484-4561-9767-180D4A88108C}.Debug|ARM.Deploy.0 = Debug|Any CPU
		{09A06A45-A484-4561-9767-180D4A88108C}.Debug|iPhone.ActiveCfg = Debug|Any CPU
		{09A06A45-A484-4561-9767-180D4A88108C}.Debug|iPhone.Build.0 = Debug|Any CPU
		{09A06A45-A484-4561-9767-180D4A88108C}.Debug|iPhone.Deploy.0 = Debug|Any CPU
		{09A06A45-A484-4561-9767-180D4A88108C}.Debug|iPhoneSimulator.ActiveCfg = Debug|Any CPU
		{09A06A45-A484-4561-9767-180D4A88108C}.Debug|iPhoneSimulator.Build.0 = Debug|Any CPU
		{09A06A45-A484-4561-9767-180D4A88108C}.Debug|iPhoneSimulator.Deploy.0 = Debug|Any CPU
		{09A06A45-A484-4561-9767-180D4A88108C}.Debug|x64.ActiveCfg = Debug|Any CPU
		{09A06A45-A484-4561-9767-180D4A88108C}.Debug|x64.Build.0 = Debug|Any CPU
		{09A06A45-A484-4561-9767-180D4A88108C}.Debug|x64.Deploy.0 = Debug|Any CPU
		{09A06A45-A484-4561-9767-180D4A88108C}.Debug|x86.ActiveCfg = Debug|Any CPU
		{09A06A45-A484-4561-9767-180D4A88108C}.Debug|x86.Build.0 = Debug|Any CPU
		{09A06A45-A484-4561-9767-180D4A88108C}.Debug|x86.Deploy.0 = Debug|Any CPU
		{09A06A45-A484-4561-9767-180D4A88108C}.Release|Any CPU.ActiveCfg = Release|Any CPU
		{09A06A45-A484-4561-9767-180D4A88108C}.Release|Any CPU.Build.0 = Release|Any CPU
		{09A06A45-A484-4561-9767-180D4A88108C}.Release|Any CPU.Deploy.0 = Release|Any CPU
		{09A06A45-A484-4561-9767-180D4A88108C}.Release|ARM.ActiveCfg = Release|Any CPU
		{09A06A45-A484-4561-9767-180D4A88108C}.Release|ARM.Build.0 = Release|Any CPU
		{09A06A45-A484-4561-9767-180D4A88108C}.Release|ARM.Deploy.0 = Release|Any CPU
		{09A06A45-A484-4561-9767-180D4A88108C}.Release|iPhone.ActiveCfg = Release|Any CPU
		{09A06A45-A484-4561-9767-180D4A88108C}.Release|iPhone.Build.0 = Release|Any CPU
		{09A06A45-A484-4561-9767-180D4A88108C}.Release|iPhone.Deploy.0 = Release|Any CPU
		{09A06A45-A484-4561-9767-180D4A88108C}.Release|iPhoneSimulator.ActiveCfg = Release|Any CPU
		{09A06A45-A484-4561-9767-180D4A88108C}.Release|iPhoneSimulator.Build.0 = Release|Any CPU
		{09A06A45-A484-4561-9767-180D4A88108C}.Release|iPhoneSimulator.Deploy.0 = Release|Any CPU
		{09A06A45-A484-4561-9767-180D4A88108C}.Release|x64.ActiveCfg = Release|Any CPU
		{09A06A45-A484-4561-9767-180D4A88108C}.Release|x64.Build.0 = Release|Any CPU
		{09A06A45-A484-4561-9767-180D4A88108C}.Release|x64.Deploy.0 = Release|Any CPU
		{09A06A45-A484-4561-9767-180D4A88108C}.Release|x86.ActiveCfg = Release|Any CPU
		{09A06A45-A484-4561-9767-180D4A88108C}.Release|x86.Build.0 = Release|Any CPU
		{09A06A45-A484-4561-9767-180D4A88108C}.Release|x86.Deploy.0 = Release|Any CPU
		{EB5F2FE1-A8D1-45E6-874C-DBEBAAD7C4A3}.Ad-Hoc|Any CPU.ActiveCfg = Ad-Hoc|iPhone
		{EB5F2FE1-A8D1-45E6-874C-DBEBAAD7C4A3}.Ad-Hoc|ARM.ActiveCfg = Ad-Hoc|iPhone
		{EB5F2FE1-A8D1-45E6-874C-DBEBAAD7C4A3}.Ad-Hoc|iPhone.ActiveCfg = Ad-Hoc|iPhone
		{EB5F2FE1-A8D1-45E6-874C-DBEBAAD7C4A3}.Ad-Hoc|iPhone.Build.0 = Ad-Hoc|iPhone
		{EB5F2FE1-A8D1-45E6-874C-DBEBAAD7C4A3}.Ad-Hoc|iPhoneSimulator.ActiveCfg = Ad-Hoc|iPhoneSimulator
		{EB5F2FE1-A8D1-45E6-874C-DBEBAAD7C4A3}.Ad-Hoc|iPhoneSimulator.Build.0 = Ad-Hoc|iPhoneSimulator
		{EB5F2FE1-A8D1-45E6-874C-DBEBAAD7C4A3}.Ad-Hoc|x64.ActiveCfg = Ad-Hoc|iPhone
		{EB5F2FE1-A8D1-45E6-874C-DBEBAAD7C4A3}.Ad-Hoc|x86.ActiveCfg = Ad-Hoc|iPhone
		{EB5F2FE1-A8D1-45E6-874C-DBEBAAD7C4A3}.AppStore|Any CPU.ActiveCfg = AppStore|iPhone
		{EB5F2FE1-A8D1-45E6-874C-DBEBAAD7C4A3}.AppStore|ARM.ActiveCfg = AppStore|iPhone
		{EB5F2FE1-A8D1-45E6-874C-DBEBAAD7C4A3}.AppStore|iPhone.ActiveCfg = AppStore|iPhone
		{EB5F2FE1-A8D1-45E6-874C-DBEBAAD7C4A3}.AppStore|iPhone.Build.0 = AppStore|iPhone
		{EB5F2FE1-A8D1-45E6-874C-DBEBAAD7C4A3}.AppStore|iPhoneSimulator.ActiveCfg = AppStore|iPhoneSimulator
		{EB5F2FE1-A8D1-45E6-874C-DBEBAAD7C4A3}.AppStore|iPhoneSimulator.Build.0 = AppStore|iPhoneSimulator
		{EB5F2FE1-A8D1-45E6-874C-DBEBAAD7C4A3}.AppStore|x64.ActiveCfg = AppStore|iPhone
		{EB5F2FE1-A8D1-45E6-874C-DBEBAAD7C4A3}.AppStore|x86.ActiveCfg = AppStore|iPhone
		{EB5F2FE1-A8D1-45E6-874C-DBEBAAD7C4A3}.Debug|Any CPU.ActiveCfg = Debug|iPhone
		{EB5F2FE1-A8D1-45E6-874C-DBEBAAD7C4A3}.Debug|ARM.ActiveCfg = Debug|iPhone
		{EB5F2FE1-A8D1-45E6-874C-DBEBAAD7C4A3}.Debug|iPhone.ActiveCfg = Debug|iPhone
		{EB5F2FE1-A8D1-45E6-874C-DBEBAAD7C4A3}.Debug|iPhone.Build.0 = Debug|iPhone
		{EB5F2FE1-A8D1-45E6-874C-DBEBAAD7C4A3}.Debug|iPhoneSimulator.ActiveCfg = Debug|iPhoneSimulator
		{EB5F2FE1-A8D1-45E6-874C-DBEBAAD7C4A3}.Debug|iPhoneSimulator.Build.0 = Debug|iPhoneSimulator
		{EB5F2FE1-A8D1-45E6-874C-DBEBAAD7C4A3}.Debug|x64.ActiveCfg = Debug|iPhone
		{EB5F2FE1-A8D1-45E6-874C-DBEBAAD7C4A3}.Debug|x86.ActiveCfg = Debug|iPhone
		{EB5F2FE1-A8D1-45E6-874C-DBEBAAD7C4A3}.Release|Any CPU.ActiveCfg = Release|iPhone
		{EB5F2FE1-A8D1-45E6-874C-DBEBAAD7C4A3}.Release|ARM.ActiveCfg = Release|iPhone
		{EB5F2FE1-A8D1-45E6-874C-DBEBAAD7C4A3}.Release|iPhone.ActiveCfg = Release|iPhone
		{EB5F2FE1-A8D1-45E6-874C-DBEBAAD7C4A3}.Release|iPhone.Build.0 = Release|iPhone
		{EB5F2FE1-A8D1-45E6-874C-DBEBAAD7C4A3}.Release|iPhoneSimulator.ActiveCfg = Release|iPhoneSimulator
		{EB5F2FE1-A8D1-45E6-874C-DBEBAAD7C4A3}.Release|iPhoneSimulator.Build.0 = Release|iPhoneSimulator
		{EB5F2FE1-A8D1-45E6-874C-DBEBAAD7C4A3}.Release|x64.ActiveCfg = Release|iPhone
		{EB5F2FE1-A8D1-45E6-874C-DBEBAAD7C4A3}.Release|x86.ActiveCfg = Release|iPhone
		{22215A9D-F99D-4E8F-BE21-7FC52544D3E2}.Ad-Hoc|Any CPU.ActiveCfg = Release|x86
		{22215A9D-F99D-4E8F-BE21-7FC52544D3E2}.Ad-Hoc|Any CPU.Build.0 = Release|x86
		{22215A9D-F99D-4E8F-BE21-7FC52544D3E2}.Ad-Hoc|Any CPU.Deploy.0 = Release|x86
		{22215A9D-F99D-4E8F-BE21-7FC52544D3E2}.Ad-Hoc|ARM.ActiveCfg = Release|ARM
		{22215A9D-F99D-4E8F-BE21-7FC52544D3E2}.Ad-Hoc|ARM.Build.0 = Release|ARM
		{22215A9D-F99D-4E8F-BE21-7FC52544D3E2}.Ad-Hoc|ARM.Deploy.0 = Release|ARM
		{22215A9D-F99D-4E8F-BE21-7FC52544D3E2}.Ad-Hoc|iPhone.ActiveCfg = Release|x86
		{22215A9D-F99D-4E8F-BE21-7FC52544D3E2}.Ad-Hoc|iPhone.Build.0 = Release|x86
		{22215A9D-F99D-4E8F-BE21-7FC52544D3E2}.Ad-Hoc|iPhone.Deploy.0 = Release|x86
		{22215A9D-F99D-4E8F-BE21-7FC52544D3E2}.Ad-Hoc|iPhoneSimulator.ActiveCfg = Release|x86
		{22215A9D-F99D-4E8F-BE21-7FC52544D3E2}.Ad-Hoc|iPhoneSimulator.Build.0 = Release|x86
		{22215A9D-F99D-4E8F-BE21-7FC52544D3E2}.Ad-Hoc|iPhoneSimulator.Deploy.0 = Release|x86
		{22215A9D-F99D-4E8F-BE21-7FC52544D3E2}.Ad-Hoc|x64.ActiveCfg = Release|x64
		{22215A9D-F99D-4E8F-BE21-7FC52544D3E2}.Ad-Hoc|x64.Build.0 = Release|x64
		{22215A9D-F99D-4E8F-BE21-7FC52544D3E2}.Ad-Hoc|x64.Deploy.0 = Release|x64
		{22215A9D-F99D-4E8F-BE21-7FC52544D3E2}.Ad-Hoc|x86.ActiveCfg = Release|x86
		{22215A9D-F99D-4E8F-BE21-7FC52544D3E2}.Ad-Hoc|x86.Build.0 = Release|x86
		{22215A9D-F99D-4E8F-BE21-7FC52544D3E2}.Ad-Hoc|x86.Deploy.0 = Release|x86
		{22215A9D-F99D-4E8F-BE21-7FC52544D3E2}.AppStore|Any CPU.ActiveCfg = Release|x86
		{22215A9D-F99D-4E8F-BE21-7FC52544D3E2}.AppStore|Any CPU.Build.0 = Release|x86
		{22215A9D-F99D-4E8F-BE21-7FC52544D3E2}.AppStore|Any CPU.Deploy.0 = Release|x86
		{22215A9D-F99D-4E8F-BE21-7FC52544D3E2}.AppStore|ARM.ActiveCfg = Release|ARM
		{22215A9D-F99D-4E8F-BE21-7FC52544D3E2}.AppStore|ARM.Build.0 = Release|ARM
		{22215A9D-F99D-4E8F-BE21-7FC52544D3E2}.AppStore|ARM.Deploy.0 = Release|ARM
		{22215A9D-F99D-4E8F-BE21-7FC52544D3E2}.AppStore|iPhone.ActiveCfg = Release|x86
		{22215A9D-F99D-4E8F-BE21-7FC52544D3E2}.AppStore|iPhone.Build.0 = Release|x86
		{22215A9D-F99D-4E8F-BE21-7FC52544D3E2}.AppStore|iPhone.Deploy.0 = Release|x86
		{22215A9D-F99D-4E8F-BE21-7FC52544D3E2}.AppStore|iPhoneSimulator.ActiveCfg = Release|x86
		{22215A9D-F99D-4E8F-BE21-7FC52544D3E2}.AppStore|iPhoneSimulator.Build.0 = Release|x86
		{22215A9D-F99D-4E8F-BE21-7FC52544D3E2}.AppStore|iPhoneSimulator.Deploy.0 = Release|x86
		{22215A9D-F99D-4E8F-BE21-7FC52544D3E2}.AppStore|x64.ActiveCfg = Release|x64
		{22215A9D-F99D-4E8F-BE21-7FC52544D3E2}.AppStore|x64.Build.0 = Release|x64
		{22215A9D-F99D-4E8F-BE21-7FC52544D3E2}.AppStore|x64.Deploy.0 = Release|x64
		{22215A9D-F99D-4E8F-BE21-7FC52544D3E2}.AppStore|x86.ActiveCfg = Release|x86
		{22215A9D-F99D-4E8F-BE21-7FC52544D3E2}.AppStore|x86.Build.0 = Release|x86
		{22215A9D-F99D-4E8F-BE21-7FC52544D3E2}.AppStore|x86.Deploy.0 = Release|x86
		{22215A9D-F99D-4E8F-BE21-7FC52544D3E2}.Debug|Any CPU.ActiveCfg = Debug|x86
		{22215A9D-F99D-4E8F-BE21-7FC52544D3E2}.Debug|Any CPU.Build.0 = Debug|x86
		{22215A9D-F99D-4E8F-BE21-7FC52544D3E2}.Debug|Any CPU.Deploy.0 = Debug|x86
		{22215A9D-F99D-4E8F-BE21-7FC52544D3E2}.Debug|ARM.ActiveCfg = Debug|ARM
		{22215A9D-F99D-4E8F-BE21-7FC52544D3E2}.Debug|ARM.Build.0 = Debug|ARM
		{22215A9D-F99D-4E8F-BE21-7FC52544D3E2}.Debug|ARM.Deploy.0 = Debug|ARM
		{22215A9D-F99D-4E8F-BE21-7FC52544D3E2}.Debug|iPhone.ActiveCfg = Debug|x86
		{22215A9D-F99D-4E8F-BE21-7FC52544D3E2}.Debug|iPhoneSimulator.ActiveCfg = Debug|x86
		{22215A9D-F99D-4E8F-BE21-7FC52544D3E2}.Debug|x64.ActiveCfg = Debug|x64
		{22215A9D-F99D-4E8F-BE21-7FC52544D3E2}.Debug|x64.Build.0 = Debug|x64
		{22215A9D-F99D-4E8F-BE21-7FC52544D3E2}.Debug|x64.Deploy.0 = Debug|x64
		{22215A9D-F99D-4E8F-BE21-7FC52544D3E2}.Debug|x86.ActiveCfg = Debug|x86
		{22215A9D-F99D-4E8F-BE21-7FC52544D3E2}.Debug|x86.Build.0 = Debug|x86
		{22215A9D-F99D-4E8F-BE21-7FC52544D3E2}.Debug|x86.Deploy.0 = Debug|x86
		{22215A9D-F99D-4E8F-BE21-7FC52544D3E2}.Release|Any CPU.ActiveCfg = Release|x86
		{22215A9D-F99D-4E8F-BE21-7FC52544D3E2}.Release|ARM.ActiveCfg = Release|ARM
		{22215A9D-F99D-4E8F-BE21-7FC52544D3E2}.Release|ARM.Build.0 = Release|ARM
		{22215A9D-F99D-4E8F-BE21-7FC52544D3E2}.Release|ARM.Deploy.0 = Release|ARM
		{22215A9D-F99D-4E8F-BE21-7FC52544D3E2}.Release|iPhone.ActiveCfg = Release|x86
		{22215A9D-F99D-4E8F-BE21-7FC52544D3E2}.Release|iPhoneSimulator.ActiveCfg = Release|x86
		{22215A9D-F99D-4E8F-BE21-7FC52544D3E2}.Release|x64.ActiveCfg = Release|x64
		{22215A9D-F99D-4E8F-BE21-7FC52544D3E2}.Release|x64.Build.0 = Release|x64
		{22215A9D-F99D-4E8F-BE21-7FC52544D3E2}.Release|x64.Deploy.0 = Release|x64
		{22215A9D-F99D-4E8F-BE21-7FC52544D3E2}.Release|x86.ActiveCfg = Release|x86
		{22215A9D-F99D-4E8F-BE21-7FC52544D3E2}.Release|x86.Build.0 = Release|x86
		{22215A9D-F99D-4E8F-BE21-7FC52544D3E2}.Release|x86.Deploy.0 = Release|x86
	EndGlobalSection
	GlobalSection(SolutionProperties) = preSolution
		HideSolutionNode = FALSE
	EndGlobalSection
EndGlobal
